
Microsoft Visual Studio Solution File, Format Version 12.00
# Visual Studio Version 17
VisualStudioVersion = 17.0.31903.59
MinimumVisualStudioVersion = 10.0.40219.1
Project("{FAE04EC0-301F-11D3-BF4B-00C04F79EFBC}") = "ATAapi\AutomationTravelAgency", "ATAapi\AutomationTravelAgency\AutomationTravelAgency.csproj", "{C5631706-C131-48DF-8183-6EBC095F5E04}"
EndProject
Project("{FAE04EC0-301F-11D3-BF4B-00C04F79EFBC}") = "ATAapi\Components", "ATAapi\Components", "{F4D30443-4171-497A-8CE7-C0B778479FF0}"
EndProject
Project("{FAE04EC0-301F-11D3-BF4B-00C04F79EFBC}") = "ATAapi\Components\AutomationTravelAgency.Business", "ATAapi\Components\AutomationTravelAgency.Business\AutomationTravelAgency.Business.csproj", "{CCE4FBCF-626E-4706-A675-2B6EEC083E4B}"
EndProject
Project("{FAE04EC0-301F-11D3-BF4B-00C04F79EFBC}") = "ATAapi\Components\AutomationTravelAgency.Data", "ATAapi\Components\AutomationTravelAgency.Data\AutomationTravelAgency.Data.csproj", "{5BDC9B26-6ECD-453F-9444-542BF98377A3}"
EndProject
Global
	GlobalSection(SolutionConfigurationPlatforms) = preSolution
		Debug|Any CPU = Debug|Any CPU
		Release|Any CPU = Release|Any CPU
	EndGlobalSection
	GlobalSection(SolutionProperties) = preSolution
		HideSolutionNode = FALSE
	EndGlobalSection
	GlobalSection(ProjectConfigurationPlatforms) = postSolution
		{C5631706-C131-48DF-8183-6EBC095F5E04}.Debug|Any CPU.ActiveCfg = Debug|Any CPU
		{C5631706-C131-48DF-8183-6EBC095F5E04}.Debug|Any CPU.Build.0 = Debug|Any CPU
		{C5631706-C131-48DF-8183-6EBC095F5E04}.Release|Any CPU.ActiveCfg = Release|Any CPU
		{C5631706-C131-48DF-8183-6EBC095F5E04}.Release|Any CPU.Build.0 = Release|Any CPU
		{CCE4FBCF-626E-4706-A675-2B6EEC083E4B}.Debug|Any CPU.ActiveCfg = Debug|Any CPU
		{CCE4FBCF-626E-4706-A675-2B6EEC083E4B}.Debug|Any CPU.Build.0 = Debug|Any CPU
		{CCE4FBCF-626E-4706-A675-2B6EEC083E4B}.Release|Any CPU.ActiveCfg = Release|Any CPU
		{CCE4FBCF-626E-4706-A675-2B6EEC083E4B}.Release|Any CPU.Build.0 = Release|Any CPU
		{5BDC9B26-6ECD-453F-9444-542BF98377A3}.Debug|Any CPU.ActiveCfg = Debug|Any CPU
		{5BDC9B26-6ECD-453F-9444-542BF98377A3}.Debug|Any CPU.Build.0 = Debug|Any CPU
		{5BDC9B26-6ECD-453F-9444-542BF98377A3}.Release|Any CPU.ActiveCfg = Release|Any CPU
		{5BDC9B26-6ECD-453F-9444-542BF98377A3}.Release|Any CPU.Build.0 = Release|Any CPU
	EndGlobalSection

	GlobalSection(NestedProjects) = preSolution
		{CCE4FBCF-626E-4706-A675-2B6EEC083E4B} = {F4D30443-4171-497A-8CE7-C0B778479FF0}
		{5BDC9B26-6ECD-453F-9444-542BF98377A3} = {F4D30443-4171-497A-8CE7-C0B778479FF0}
	EndGlobalSection
	
EndGlobal
